
Microsoft Visual Studio Solution File, Format Version 12.00
# Visual Studio Version 18
VisualStudioVersion = 18.4.11626.88 stable
MinimumVisualStudioVersion = 10.0.40219.1
Project("{FAE04EC0-301F-11D3-BF4B-00C04F79EFBC}") = "ParkingDesktopUI", "ParkingDesktopUI.csproj", "{8B2AEC69-DE12-4B80-B8B5-C93E008FBC60}"
EndProject
Global
	GlobalSection(SolutionConfigurationPlatforms) = preSolution
		Debug|Any CPU = Debug|Any CPU
		Release|Any CPU = Release|Any CPU
	EndGlobalSection
	GlobalSection(ProjectConfigurationPlatforms) = postSolution
		{8B2AEC69-DE12-4B80-B8B5-C93E008FBC60}.Debug|Any CPU.ActiveCfg = Debug|Any CPU
		{8B2AEC69-DE12-4B80-B8B5-C93E008FBC60}.Debug|Any CPU.Build.0 = Debug|Any CPU
		{8B2AEC69-DE12-4B80-B8B5-C93E008FBC60}.Release|Any CPU.ActiveCfg = Release|Any CPU
		{8B2AEC69-DE12-4B80-B8B5-C93E008FBC60}.Release|Any CPU.Build.0 = Release|Any CPU
	EndGlobalSection
	GlobalSection(SolutionProperties) = preSolution
		HideSolutionNode = FALSE
	EndGlobalSection
	GlobalSection(ExtensibilityGlobals) = postSolution
		SolutionGuid = {73705276-22E1-4DC2-8EDB-AE0A146FF15B}
	EndGlobalSection
EndGlobal
